// !$*UTF8*$!
{
	archiveVersion = 1;
	classes = {
	};
	objectVersion = 50;
	objects = {

/* Begin PBXBuildFile section */
		A706171E25F0587A0034C25D /* ModelData.swift in Sources */ = {isa = PBXBuildFile; fileRef = A706171D25F0587A0034C25D /* ModelData.swift */; };
		A706172125F059E80034C25D /* Place.swift in Sources */ = {isa = PBXBuildFile; fileRef = A706172025F059E80034C25D /* Place.swift */; };
		A706172425F067180034C25D /* placesData.json in Resources */ = {isa = PBXBuildFile; fileRef = A706172325F067180034C25D /* placesData.json */; };
		A71A92DE26068B3100E806B9 /* PlaceList.swift in Sources */ = {isa = PBXBuildFile; fileRef = A71A92C3260687A500E806B9 /* PlaceList.swift */; };
		A71A92E42606A55500E806B9 /* PlaceCommands.swift in Sources */ = {isa = PBXBuildFile; fileRef = A71A92E32606A55400E806B9 /* PlaceCommands.swift */; };
		A71A92E52606A55500E806B9 /* PlaceCommands.swift in Sources */ = {isa = PBXBuildFile; fileRef = A71A92E32606A55400E806B9 /* PlaceCommands.swift */; };
		A71A92EB2606C2A900E806B9 /* PlaceSettings.swift in Sources */ = {isa = PBXBuildFile; fileRef = A71A92EA2606C2A900E806B9 /* PlaceSettings.swift */; };
		A71EC45126054F5E00B1AA48 /* PageControl.swift in Sources */ = {isa = PBXBuildFile; fileRef = A71EC45026054F5E00B1AA48 /* PageControl.swift */; };
		A73BEDE52606717000D95286 /* ContentView.swift in Sources */ = {isa = PBXBuildFile; fileRef = A73BEDE42606717000D95286 /* ContentView.swift */; };
		A73BEDE72606717200D95286 /* Assets.xcassets in Resources */ = {isa = PBXBuildFile; fileRef = A73BEDE62606717200D95286 /* Assets.xcassets */; };
		A73BEDEA2606717200D95286 /* Preview Assets.xcassets in Resources */ = {isa = PBXBuildFile; fileRef = A73BEDE92606717200D95286 /* Preview Assets.xcassets */; };
		A73BEDF8260672E800D95286 /* Place.swift in Sources */ = {isa = PBXBuildFile; fileRef = A706172025F059E80034C25D /* Place.swift */; };
		A73BEDF9260672E800D95286 /* Assets.xcassets in Resources */ = {isa = PBXBuildFile; fileRef = A7BC609725EE07B500DD87D4 /* Assets.xcassets */; };
		A73BEDFA260672E800D95286 /* Profile.swift in Sources */ = {isa = PBXBuildFile; fileRef = A79DF01525FD60BA0074F3D2 /* Profile.swift */; };
		A73BEDFB260672E800D95286 /* ModelData.swift in Sources */ = {isa = PBXBuildFile; fileRef = A706171D25F0587A0034C25D /* ModelData.swift */; };
		A73BEDFC260672E800D95286 /* CircleImage.swift in Sources */ = {isa = PBXBuildFile; fileRef = A7B300AD25EF0F5D008FA7C3 /* CircleImage.swift */; };
		A73BEDFD260672E800D95286 /* PlaceList.swift in Sources */ = {isa = PBXBuildFile; fileRef = A7A2F44725F2B879005E5A2F /* PlaceList.swift */; };
		A73BEDFE260672E800D95286 /* BayApp.swift in Sources */ = {isa = PBXBuildFile; fileRef = A7BC609325EE07B400DD87D4 /* BayApp.swift */; };
		A73BEDFF260672E800D95286 /* VisitedButton.swift in Sources */ = {isa = PBXBuildFile; fileRef = A7F9A58325F4069400377291 /* VisitedButton.swift */; };
		A73BEE00260672E800D95286 /* MapView.swift in Sources */ = {isa = PBXBuildFile; fileRef = A7B300AA25EF0EEB008FA7C3 /* MapView.swift */; };
		A73BEE01260672E800D95286 /* PlaceRow.swift in Sources */ = {isa = PBXBuildFile; fileRef = A7A2F44A25F2BEE9005E5A2F /* PlaceRow.swift */; };
		A73BEE02260672E800D95286 /* placesData.json in Resources */ = {isa = PBXBuildFile; fileRef = A706172325F067180034C25D /* placesData.json */; };
		A73BEE08260674E700D95286 /* PlaceDetail.swift in Sources */ = {isa = PBXBuildFile; fileRef = A73BEE07260674E700D95286 /* PlaceDetail.swift */; };
		A77B8FD42605890600D92A96 /* Assets.xcassets in Resources */ = {isa = PBXBuildFile; fileRef = A77B8FD32605890600D92A96 /* Assets.xcassets */; };
		A77B8FDB2605890600D92A96 /* WatchBay Extension.appex in Embed App Extensions */ = {isa = PBXBuildFile; fileRef = A77B8FDA2605890600D92A96 /* WatchBay Extension.appex */; settings = {ATTRIBUTES = (RemoveHeadersOnCopy, ); }; };
		A77B8FE22605890600D92A96 /* ContentView.swift in Sources */ = {isa = PBXBuildFile; fileRef = A77B8FE12605890600D92A96 /* ContentView.swift */; };
		A77B8FE42605890600D92A96 /* NotificationController.swift in Sources */ = {isa = PBXBuildFile; fileRef = A77B8FE32605890600D92A96 /* NotificationController.swift */; };
		A77B8FE62605890600D92A96 /* NotificationView.swift in Sources */ = {isa = PBXBuildFile; fileRef = A77B8FE52605890600D92A96 /* NotificationView.swift */; };
		A77B8FE82605890600D92A96 /* ComplicationController.swift in Sources */ = {isa = PBXBuildFile; fileRef = A77B8FE72605890600D92A96 /* ComplicationController.swift */; };
		A77B8FEA2605890700D92A96 /* Assets.xcassets in Resources */ = {isa = PBXBuildFile; fileRef = A77B8FE92605890700D92A96 /* Assets.xcassets */; };
		A77B8FED2605890700D92A96 /* Preview Assets.xcassets in Resources */ = {isa = PBXBuildFile; fileRef = A77B8FEC2605890700D92A96 /* Preview Assets.xcassets */; };
		A77B8FF22605890700D92A96 /* WatchBay.app in Embed Watch Content */ = {isa = PBXBuildFile; fileRef = A77B8FD12605890600D92A96 /* WatchBay.app */; settings = {ATTRIBUTES = (RemoveHeadersOnCopy, ); }; };
		A77B900126058E4000D92A96 /* BayApp.swift in Sources */ = {isa = PBXBuildFile; fileRef = A7BC609325EE07B400DD87D4 /* BayApp.swift */; };
		A77B900226058E4000D92A96 /* PlaceRow.swift in Sources */ = {isa = PBXBuildFile; fileRef = A7A2F44A25F2BEE9005E5A2F /* PlaceRow.swift */; };
		A77B900326058E4000D92A96 /* CircleImage.swift in Sources */ = {isa = PBXBuildFile; fileRef = A7B300AD25EF0F5D008FA7C3 /* CircleImage.swift */; };
		A77B900426058E4000D92A96 /* Place.swift in Sources */ = {isa = PBXBuildFile; fileRef = A706172025F059E80034C25D /* Place.swift */; };
		A77B900526058E4000D92A96 /* Assets.xcassets in Resources */ = {isa = PBXBuildFile; fileRef = A7BC609725EE07B500DD87D4 /* Assets.xcassets */; };
		A77B900726058E4000D92A96 /* placesData.json in Resources */ = {isa = PBXBuildFile; fileRef = A706172325F067180034C25D /* placesData.json */; };
		A77B900826058E4000D92A96 /* MapView.swift in Sources */ = {isa = PBXBuildFile; fileRef = A7B300AA25EF0EEB008FA7C3 /* MapView.swift */; };
		A77B900926058E4000D92A96 /* Profile.swift in Sources */ = {isa = PBXBuildFile; fileRef = A79DF01525FD60BA0074F3D2 /* Profile.swift */; };
		A77B900A26058E4000D92A96 /* ModelData.swift in Sources */ = {isa = PBXBuildFile; fileRef = A706171D25F0587A0034C25D /* ModelData.swift */; };
		A77B900F2605912900D92A96 /* PlaceDetail.swift in Sources */ = {isa = PBXBuildFile; fileRef = A77B900E2605912900D92A96 /* PlaceDetail.swift */; };
		A7928B7C260021DA0058781F /* PageViewController.swift in Sources */ = {isa = PBXBuildFile; fileRef = A7928B7B260021DA0058781F /* PageViewController.swift */; };
		A7928B80260029180058781F /* FeatureCard.swift in Sources */ = {isa = PBXBuildFile; fileRef = A7928B7F260029180058781F /* FeatureCard.swift */; };
		A7928B8326002DE20058781F /* PageView.swift in Sources */ = {isa = PBXBuildFile; fileRef = A7928B8226002DE20058781F /* PageView.swift */; };
		A798CA1325FEA1250022BC32 /* ProfileEditor.swift in Sources */ = {isa = PBXBuildFile; fileRef = A798CA1225FEA1250022BC32 /* ProfileEditor.swift */; };
		A79DF01625FD60BA0074F3D2 /* Profile.swift in Sources */ = {isa = PBXBuildFile; fileRef = A79DF01525FD60BA0074F3D2 /* Profile.swift */; };
		A79DF01A25FD61EE0074F3D2 /* ProfileHost.swift in Sources */ = {isa = PBXBuildFile; fileRef = A79DF01925FD61EE0074F3D2 /* ProfileHost.swift */; };
		A79DF01E25FD62CA0074F3D2 /* ProfileSummary.swift in Sources */ = {isa = PBXBuildFile; fileRef = A79DF01D25FD62CA0074F3D2 /* ProfileSummary.swift */; };
		A7A2F44825F2B879005E5A2F /* PlaceList.swift in Sources */ = {isa = PBXBuildFile; fileRef = A7A2F44725F2B879005E5A2F /* PlaceList.swift */; };
		A7A2F44B25F2BEE9005E5A2F /* PlaceRow.swift in Sources */ = {isa = PBXBuildFile; fileRef = A7A2F44A25F2BEE9005E5A2F /* PlaceRow.swift */; };
		A7B300A825EF0EB4008FA7C3 /* PlaceDetail.swift in Sources */ = {isa = PBXBuildFile; fileRef = A7B300A725EF0EB4008FA7C3 /* PlaceDetail.swift */; };
		A7B300AB25EF0EEB008FA7C3 /* MapView.swift in Sources */ = {isa = PBXBuildFile; fileRef = A7B300AA25EF0EEB008FA7C3 /* MapView.swift */; };
		A7B300AE25EF0F5D008FA7C3 /* CircleImage.swift in Sources */ = {isa = PBXBuildFile; fileRef = A7B300AD25EF0F5D008FA7C3 /* CircleImage.swift */; };
		A7BC609425EE07B400DD87D4 /* BayApp.swift in Sources */ = {isa = PBXBuildFile; fileRef = A7BC609325EE07B400DD87D4 /* BayApp.swift */; };
		A7BC609625EE07B400DD87D4 /* ContentView.swift in Sources */ = {isa = PBXBuildFile; fileRef = A7BC609525EE07B400DD87D4 /* ContentView.swift */; };
		A7BC609825EE07B500DD87D4 /* Assets.xcassets in Resources */ = {isa = PBXBuildFile; fileRef = A7BC609725EE07B500DD87D4 /* Assets.xcassets */; };
		A7BC609B25EE07B500DD87D4 /* Preview Assets.xcassets in Resources */ = {isa = PBXBuildFile; fileRef = A7BC609A25EE07B500DD87D4 /* Preview Assets.xcassets */; };
		A7C7DB1E25F5432A006F1FBF /* CategoryHome.swift in Sources */ = {isa = PBXBuildFile; fileRef = A7C7DB1D25F5432A006F1FBF /* CategoryHome.swift */; };
		A7D75AA525F55FC700035C4A /* CategoryRow.swift in Sources */ = {isa = PBXBuildFile; fileRef = A7D75AA425F55FC700035C4A /* CategoryRow.swift */; };
		A7D75AA825F585BA00035C4A /* CategoryItem.swift in Sources */ = {isa = PBXBuildFile; fileRef = A7D75AA725F585BA00035C4A /* CategoryItem.swift */; };
		A7F9A58425F4069400377291 /* VisitedButton.swift in Sources */ = {isa = PBXBuildFile; fileRef = A7F9A58325F4069400377291 /* VisitedButton.swift */; };
/* End PBXBuildFile section */

/* Begin PBXContainerItemProxy section */
		A77B8FDC2605890600D92A96 /* PBXContainerItemProxy */ = {
			isa = PBXContainerItemProxy;
			containerPortal = A7BC608825EE07B400DD87D4 /* Project object */;
			proxyType = 1;
			remoteGlobalIDString = A77B8FD92605890600D92A96;
			remoteInfo = "WatchBay Extension";
		};
		A77B8FF02605890700D92A96 /* PBXContainerItemProxy */ = {
			isa = PBXContainerItemProxy;
			containerPortal = A7BC608825EE07B400DD87D4 /* Project object */;
			proxyType = 1;
			remoteGlobalIDString = A77B8FD02605890600D92A96;
			remoteInfo = WatchBay;
		};
/* End PBXContainerItemProxy section */

/* Begin PBXCopyFilesBuildPhase section */
		A77B8FF32605890700D92A96 /* Embed Watch Content */ = {
			isa = PBXCopyFilesBuildPhase;
			buildActionMask = 2147483647;
			dstPath = "$(CONTENTS_FOLDER_PATH)/Watch";
			dstSubfolderSpec = 16;
			files = (
				A77B8FF22605890700D92A96 /* WatchBay.app in Embed Watch Content */,
			);
			name = "Embed Watch Content";
			runOnlyForDeploymentPostprocessing = 0;
		};
		A77B8FF62605890700D92A96 /* Embed App Extensions */ = {
			isa = PBXCopyFilesBuildPhase;
			buildActionMask = 2147483647;
			dstPath = "";
			dstSubfolderSpec = 13;
			files = (
				A77B8FDB2605890600D92A96 /* WatchBay Extension.appex in Embed App Extensions */,
			);
			name = "Embed App Extensions";
			runOnlyForDeploymentPostprocessing = 0;
		};
/* End PBXCopyFilesBuildPhase section */

/* Begin PBXFileReference section */
		A706171D25F0587A0034C25D /* ModelData.swift */ = {isa = PBXFileReference; lastKnownFileType = sourcecode.swift; path = ModelData.swift; sourceTree = "<group>"; };
		A706172025F059E80034C25D /* Place.swift */ = {isa = PBXFileReference; lastKnownFileType = sourcecode.swift; path = Place.swift; sourceTree = "<group>"; };
		A706172325F067180034C25D /* placesData.json */ = {isa = PBXFileReference; fileEncoding = 4; lastKnownFileType = text.json; path = placesData.json; sourceTree = "<group>"; };
		A71A92C3260687A500E806B9 /* PlaceList.swift */ = {isa = PBXFileReference; lastKnownFileType = sourcecode.swift; path = PlaceList.swift; sourceTree = "<group>"; };
		A71A92E32606A55400E806B9 /* PlaceCommands.swift */ = {isa = PBXFileReference; lastKnownFileType = sourcecode.swift; path = PlaceCommands.swift; sourceTree = "<group>"; };
		A71A92EA2606C2A900E806B9 /* PlaceSettings.swift */ = {isa = PBXFileReference; lastKnownFileType = sourcecode.swift; path = PlaceSettings.swift; sourceTree = "<group>"; };
		A71EC45026054F5E00B1AA48 /* PageControl.swift */ = {isa = PBXFileReference; lastKnownFileType = sourcecode.swift; path = PageControl.swift; sourceTree = "<group>"; };
		A73BEDE02606717000D95286 /* MacBay.app */ = {isa = PBXFileReference; explicitFileType = wrapper.application; includeInIndex = 0; path = MacBay.app; sourceTree = BUILT_PRODUCTS_DIR; };
		A73BEDE42606717000D95286 /* ContentView.swift */ = {isa = PBXFileReference; lastKnownFileType = sourcecode.swift; path = ContentView.swift; sourceTree = "<group>"; };
		A73BEDE62606717200D95286 /* Assets.xcassets */ = {isa = PBXFileReference; lastKnownFileType = folder.assetcatalog; path = Assets.xcassets; sourceTree = "<group>"; };
		A73BEDE92606717200D95286 /* Preview Assets.xcassets */ = {isa = PBXFileReference; lastKnownFileType = folder.assetcatalog; path = "Preview Assets.xcassets"; sourceTree = "<group>"; };
		A73BEDEB2606717200D95286 /* Info.plist */ = {isa = PBXFileReference; lastKnownFileType = text.plist.xml; path = Info.plist; sourceTree = "<group>"; };
		A73BEDEC2606717200D95286 /* MacBay.entitlements */ = {isa = PBXFileReference; lastKnownFileType = text.plist.entitlements; path = MacBay.entitlements; sourceTree = "<group>"; };
		A73BEE07260674E700D95286 /* PlaceDetail.swift */ = {isa = PBXFileReference; lastKnownFileType = sourcecode.swift; path = PlaceDetail.swift; sourceTree = "<group>"; };
		A77B8FD12605890600D92A96 /* WatchBay.app */ = {isa = PBXFileReference; explicitFileType = wrapper.application; includeInIndex = 0; path = WatchBay.app; sourceTree = BUILT_PRODUCTS_DIR; };
		A77B8FD32605890600D92A96 /* Assets.xcassets */ = {isa = PBXFileReference; lastKnownFileType = folder.assetcatalog; path = Assets.xcassets; sourceTree = "<group>"; };
		A77B8FD52605890600D92A96 /* Info.plist */ = {isa = PBXFileReference; lastKnownFileType = text.plist.xml; path = Info.plist; sourceTree = "<group>"; };
		A77B8FDA2605890600D92A96 /* WatchBay Extension.appex */ = {isa = PBXFileReference; explicitFileType = "wrapper.app-extension"; includeInIndex = 0; path = "WatchBay Extension.appex"; sourceTree = BUILT_PRODUCTS_DIR; };
		A77B8FE12605890600D92A96 /* ContentView.swift */ = {isa = PBXFileReference; lastKnownFileType = sourcecode.swift; path = ContentView.swift; sourceTree = "<group>"; };
		A77B8FE32605890600D92A96 /* NotificationController.swift */ = {isa = PBXFileReference; lastKnownFileType = sourcecode.swift; path = NotificationController.swift; sourceTree = "<group>"; };
		A77B8FE52605890600D92A96 /* NotificationView.swift */ = {isa = PBXFileReference; lastKnownFileType = sourcecode.swift; path = NotificationView.swift; sourceTree = "<group>"; };
		A77B8FE72605890600D92A96 /* ComplicationController.swift */ = {isa = PBXFileReference; lastKnownFileType = sourcecode.swift; path = ComplicationController.swift; sourceTree = "<group>"; };
		A77B8FE92605890700D92A96 /* Assets.xcassets */ = {isa = PBXFileReference; lastKnownFileType = folder.assetcatalog; path = Assets.xcassets; sourceTree = "<group>"; };
		A77B8FEC2605890700D92A96 /* Preview Assets.xcassets */ = {isa = PBXFileReference; lastKnownFileType = folder.assetcatalog; path = "Preview Assets.xcassets"; sourceTree = "<group>"; };
		A77B8FEE2605890700D92A96 /* Info.plist */ = {isa = PBXFileReference; lastKnownFileType = text.plist.xml; path = Info.plist; sourceTree = "<group>"; };
		A77B8FEF2605890700D92A96 /* PushNotificationPayload.apns */ = {isa = PBXFileReference; lastKnownFileType = text; path = PushNotificationPayload.apns; sourceTree = "<group>"; };
		A77B900E2605912900D92A96 /* PlaceDetail.swift */ = {isa = PBXFileReference; lastKnownFileType = sourcecode.swift; path = PlaceDetail.swift; sourceTree = "<group>"; };
		A7928B7B260021DA0058781F /* PageViewController.swift */ = {isa = PBXFileReference; lastKnownFileType = sourcecode.swift; path = PageViewController.swift; sourceTree = "<group>"; };
		A7928B7F260029180058781F /* FeatureCard.swift */ = {isa = PBXFileReference; lastKnownFileType = sourcecode.swift; path = FeatureCard.swift; sourceTree = "<group>"; };
		A7928B8226002DE20058781F /* PageView.swift */ = {isa = PBXFileReference; lastKnownFileType = sourcecode.swift; path = PageView.swift; sourceTree = "<group>"; };
		A798CA1225FEA1250022BC32 /* ProfileEditor.swift */ = {isa = PBXFileReference; lastKnownFileType = sourcecode.swift; path = ProfileEditor.swift; sourceTree = "<group>"; };
		A79DF01525FD60BA0074F3D2 /* Profile.swift */ = {isa = PBXFileReference; lastKnownFileType = sourcecode.swift; path = Profile.swift; sourceTree = "<group>"; };
		A79DF01925FD61EE0074F3D2 /* ProfileHost.swift */ = {isa = PBXFileReference; lastKnownFileType = sourcecode.swift; path = ProfileHost.swift; sourceTree = "<group>"; };
		A79DF01D25FD62CA0074F3D2 /* ProfileSummary.swift */ = {isa = PBXFileReference; lastKnownFileType = sourcecode.swift; path = ProfileSummary.swift; sourceTree = "<group>"; };
		A7A2F44725F2B879005E5A2F /* PlaceList.swift */ = {isa = PBXFileReference; lastKnownFileType = sourcecode.swift; path = PlaceList.swift; sourceTree = "<group>"; };
		A7A2F44A25F2BEE9005E5A2F /* PlaceRow.swift */ = {isa = PBXFileReference; lastKnownFileType = sourcecode.swift; path = PlaceRow.swift; sourceTree = "<group>"; };
		A7B300A725EF0EB4008FA7C3 /* PlaceDetail.swift */ = {isa = PBXFileReference; lastKnownFileType = sourcecode.swift; path = PlaceDetail.swift; sourceTree = "<group>"; };
		A7B300AA25EF0EEB008FA7C3 /* MapView.swift */ = {isa = PBXFileReference; lastKnownFileType = sourcecode.swift; path = MapView.swift; sourceTree = "<group>"; };
		A7B300AD25EF0F5D008FA7C3 /* CircleImage.swift */ = {isa = PBXFileReference; lastKnownFileType = sourcecode.swift; path = CircleImage.swift; sourceTree = "<group>"; };
		A7BC609025EE07B400DD87D4 /* Bay.app */ = {isa = PBXFileReference; explicitFileType = wrapper.application; includeInIndex = 0; path = Bay.app; sourceTree = BUILT_PRODUCTS_DIR; };
		A7BC609325EE07B400DD87D4 /* BayApp.swift */ = {isa = PBXFileReference; lastKnownFileType = sourcecode.swift; path = BayApp.swift; sourceTree = "<group>"; };
		A7BC609525EE07B400DD87D4 /* ContentView.swift */ = {isa = PBXFileReference; lastKnownFileType = sourcecode.swift; path = ContentView.swift; sourceTree = "<group>"; };
		A7BC609725EE07B500DD87D4 /* Assets.xcassets */ = {isa = PBXFileReference; lastKnownFileType = folder.assetcatalog; path = Assets.xcassets; sourceTree = "<group>"; };
		A7BC609A25EE07B500DD87D4 /* Preview Assets.xcassets */ = {isa = PBXFileReference; lastKnownFileType = folder.assetcatalog; path = "Preview Assets.xcassets"; sourceTree = "<group>"; };
		A7BC609C25EE07B500DD87D4 /* Info.plist */ = {isa = PBXFileReference; lastKnownFileType = text.plist.xml; path = Info.plist; sourceTree = "<group>"; };
		A7C7DB1D25F5432A006F1FBF /* CategoryHome.swift */ = {isa = PBXFileReference; lastKnownFileType = sourcecode.swift; path = CategoryHome.swift; sourceTree = "<group>"; };
		A7D75AA425F55FC700035C4A /* CategoryRow.swift */ = {isa = PBXFileReference; lastKnownFileType = sourcecode.swift; path = CategoryRow.swift; sourceTree = "<group>"; };
		A7D75AA725F585BA00035C4A /* CategoryItem.swift */ = {isa = PBXFileReference; lastKnownFileType = sourcecode.swift; path = CategoryItem.swift; sourceTree = "<group>"; };
		A7F9A58325F4069400377291 /* VisitedButton.swift */ = {isa = PBXFileReference; lastKnownFileType = sourcecode.swift; path = VisitedButton.swift; sourceTree = "<group>"; };
/* End PBXFileReference section */

/* Begin PBXFrameworksBuildPhase section */
		A73BEDDD2606717000D95286 /* Frameworks */ = {
			isa = PBXFrameworksBuildPhase;
			buildActionMask = 2147483647;
			files = (
			);
			runOnlyForDeploymentPostprocessing = 0;
		};
		A77B8FD72605890600D92A96 /* Frameworks */ = {
			isa = PBXFrameworksBuildPhase;
			buildActionMask = 2147483647;
			files = (
			);
			runOnlyForDeploymentPostprocessing = 0;
		};
		A7BC608D25EE07B400DD87D4 /* Frameworks */ = {
			isa = PBXFrameworksBuildPhase;
			buildActionMask = 2147483647;
			files = (
			);
			runOnlyForDeploymentPostprocessing = 0;
		};
/* End PBXFrameworksBuildPhase section */

/* Begin PBXGroup section */
		A73BEDE12606717000D95286 /* MacBay */ = {
			isa = PBXGroup;
			children = (
				A73BEDE42606717000D95286 /* ContentView.swift */,
				A73BEDE62606717200D95286 /* Assets.xcassets */,
				A73BEDEB2606717200D95286 /* Info.plist */,
				A73BEDEC2606717200D95286 /* MacBay.entitlements */,
				A73BEDE82606717200D95286 /* Preview Content */,
				A73BEE07260674E700D95286 /* PlaceDetail.swift */,
				A71A92E32606A55400E806B9 /* PlaceCommands.swift */,
				A71A92EA2606C2A900E806B9 /* PlaceSettings.swift */,
			);
			path = MacBay;
			sourceTree = "<group>";
		};
		A73BEDE82606717200D95286 /* Preview Content */ = {
			isa = PBXGroup;
			children = (
				A73BEDE92606717200D95286 /* Preview Assets.xcassets */,
			);
			path = "Preview Content";
			sourceTree = "<group>";
		};
		A77B8FD22605890600D92A96 /* WatchBay */ = {
			isa = PBXGroup;
			children = (
				A77B8FD32605890600D92A96 /* Assets.xcassets */,
				A77B8FD52605890600D92A96 /* Info.plist */,
			);
			path = WatchBay;
			sourceTree = "<group>";
		};
		A77B8FDE2605890600D92A96 /* WatchBay Extension */ = {
			isa = PBXGroup;
			children = (
				A77B8FE12605890600D92A96 /* ContentView.swift */,
				A77B8FE32605890600D92A96 /* NotificationController.swift */,
				A77B8FE52605890600D92A96 /* NotificationView.swift */,
				A77B8FE72605890600D92A96 /* ComplicationController.swift */,
				A77B8FE92605890700D92A96 /* Assets.xcassets */,
				A77B8FEE2605890700D92A96 /* Info.plist */,
				A77B8FEF2605890700D92A96 /* PushNotificationPayload.apns */,
				A77B8FEB2605890700D92A96 /* Preview Content */,
				A77B900E2605912900D92A96 /* PlaceDetail.swift */,
				A71A92C3260687A500E806B9 /* PlaceList.swift */,
			);
			path = "WatchBay Extension";
			sourceTree = "<group>";
		};
		A77B8FEB2605890700D92A96 /* Preview Content */ = {
			isa = PBXGroup;
			children = (
				A77B8FEC2605890700D92A96 /* Preview Assets.xcassets */,
			);
			path = "Preview Content";
			sourceTree = "<group>";
		};
		A7928B7A260021B10058781F /* PageView */ = {
			isa = PBXGroup;
			children = (
				A7928B7B260021DA0058781F /* PageViewController.swift */,
				A7928B7F260029180058781F /* FeatureCard.swift */,
				A7928B8226002DE20058781F /* PageView.swift */,
				A71EC45026054F5E00B1AA48 /* PageControl.swift */,
			);
			path = PageView;
			sourceTree = "<group>";
		};
		A79DF01825FD61BB0074F3D2 /* Profiles */ = {
			isa = PBXGroup;
			children = (
				A79DF01925FD61EE0074F3D2 /* ProfileHost.swift */,
				A79DF01D25FD62CA0074F3D2 /* ProfileSummary.swift */,
				A798CA1225FEA1250022BC32 /* ProfileEditor.swift */,
			);
			path = Profiles;
			sourceTree = "<group>";
		};
		A7BC608725EE07B400DD87D4 = {
			isa = PBXGroup;
			children = (
				A7BC609225EE07B400DD87D4 /* Bay */,
				A77B8FD22605890600D92A96 /* WatchBay */,
				A77B8FDE2605890600D92A96 /* WatchBay Extension */,
				A73BEDE12606717000D95286 /* MacBay */,
				A7BC609125EE07B400DD87D4 /* Products */,
			);
			sourceTree = "<group>";
		};
		A7BC609125EE07B400DD87D4 /* Products */ = {
			isa = PBXGroup;
			children = (
				A7BC609025EE07B400DD87D4 /* Bay.app */,
				A77B8FD12605890600D92A96 /* WatchBay.app */,
				A77B8FDA2605890600D92A96 /* WatchBay Extension.appex */,
				A73BEDE02606717000D95286 /* MacBay.app */,
			);
			name = Products;
			sourceTree = "<group>";
		};
		A7BC609225EE07B400DD87D4 /* Bay */ = {
			isa = PBXGroup;
			children = (
				A7BC609325EE07B400DD87D4 /* BayApp.swift */,
				A7BC609525EE07B400DD87D4 /* ContentView.swift */,
				A7EF680725F2F7C700A45E69 /* Views */,
				A7EF680925F2F7EF00A45E69 /* Models */,
				A7EF680B25F2F81700A45E69 /* Resources */,
				A7BC609725EE07B500DD87D4 /* Assets.xcassets */,
				A7BC609C25EE07B500DD87D4 /* Info.plist */,
				A7BC609925EE07B500DD87D4 /* Preview Content */,
			);
			path = Bay;
			sourceTree = "<group>";
		};
		A7BC609925EE07B500DD87D4 /* Preview Content */ = {
			isa = PBXGroup;
			children = (
				A7BC609A25EE07B500DD87D4 /* Preview Assets.xcassets */,
			);
			path = "Preview Content";
			sourceTree = "<group>";
		};
		A7C7DB1C25F54314006F1FBF /* Categories */ = {
			isa = PBXGroup;
			children = (
				A7C7DB1D25F5432A006F1FBF /* CategoryHome.swift */,
				A7D75AA425F55FC700035C4A /* CategoryRow.swift */,
				A7D75AA725F585BA00035C4A /* CategoryItem.swift */,
			);
			path = Categories;
			sourceTree = "<group>";
		};
		A7EF680725F2F7C700A45E69 /* Views */ = {
			isa = PBXGroup;
			children = (
				A7928B7A260021B10058781F /* PageView */,
				A79DF01825FD61BB0074F3D2 /* Profiles */,
				A7C7DB1C25F54314006F1FBF /* Categories */,
				A7EF680C25F2F99800A45E69 /* Place */,
				A7F9A58725F4205B00377291 /* Helpers */,
			);
			path = Views;
			sourceTree = "<group>";
		};
		A7EF680925F2F7EF00A45E69 /* Models */ = {
			isa = PBXGroup;
			children = (
				A706171D25F0587A0034C25D /* ModelData.swift */,
				A706172025F059E80034C25D /* Place.swift */,
				A79DF01525FD60BA0074F3D2 /* Profile.swift */,
			);
			path = Models;
			sourceTree = "<group>";
		};
		A7EF680B25F2F81700A45E69 /* Resources */ = {
			isa = PBXGroup;
			children = (
				A706172325F067180034C25D /* placesData.json */,
			);
			path = Resources;
			sourceTree = "<group>";
		};
		A7EF680C25F2F99800A45E69 /* Place */ = {
			isa = PBXGroup;
			children = (
				A7B300A725EF0EB4008FA7C3 /* PlaceDetail.swift */,
				A7A2F44725F2B879005E5A2F /* PlaceList.swift */,
				A7A2F44A25F2BEE9005E5A2F /* PlaceRow.swift */,
			);
			path = Place;
			sourceTree = "<group>";
		};
		A7F9A58725F4205B00377291 /* Helpers */ = {
			isa = PBXGroup;
			children = (
				A7B300AA25EF0EEB008FA7C3 /* MapView.swift */,
				A7B300AD25EF0F5D008FA7C3 /* CircleImage.swift */,
				A7F9A58325F4069400377291 /* VisitedButton.swift */,
			);
			path = Helpers;
			sourceTree = "<group>";
		};
/* End PBXGroup section */

/* Begin PBXNativeTarget section */
		A73BEDDF2606717000D95286 /* MacBay */ = {
			isa = PBXNativeTarget;
			buildConfigurationList = A73BEDEF2606717200D95286 /* Build configuration list for PBXNativeTarget "MacBay" */;
			buildPhases = (
				A73BEDDC2606717000D95286 /* Sources */,
				A73BEDDD2606717000D95286 /* Frameworks */,
				A73BEDDE2606717000D95286 /* Resources */,
			);
			buildRules = (
			);
			dependencies = (
			);
			name = MacBay;
			productName = MacBay;
			productReference = A73BEDE02606717000D95286 /* MacBay.app */;
			productType = "com.apple.product-type.application";
		};
		A77B8FD02605890600D92A96 /* WatchBay */ = {
			isa = PBXNativeTarget;
			buildConfigurationList = A77B8FFA2605890700D92A96 /* Build configuration list for PBXNativeTarget "WatchBay" */;
			buildPhases = (
				A77B8FCF2605890600D92A96 /* Resources */,
				A77B8FF62605890700D92A96 /* Embed App Extensions */,
			);
			buildRules = (
			);
			dependencies = (
				A77B8FDD2605890600D92A96 /* PBXTargetDependency */,
			);
			name = WatchBay;
			productName = WatchBay;
			productReference = A77B8FD12605890600D92A96 /* WatchBay.app */;
			productType = "com.apple.product-type.application.watchapp2";
		};
		A77B8FD92605890600D92A96 /* WatchBay Extension */ = {
			isa = PBXNativeTarget;
			buildConfigurationList = A77B8FF92605890700D92A96 /* Build configuration list for PBXNativeTarget "WatchBay Extension" */;
			buildPhases = (
				A77B8FD62605890600D92A96 /* Sources */,
				A77B8FD72605890600D92A96 /* Frameworks */,
				A77B8FD82605890600D92A96 /* Resources */,
			);
			buildRules = (
			);
			dependencies = (
			);
			name = "WatchBay Extension";
			productName = "WatchBay Extension";
			productReference = A77B8FDA2605890600D92A96 /* WatchBay Extension.appex */;
			productType = "com.apple.product-type.watchkit2-extension";
		};
		A7BC608F25EE07B400DD87D4 /* Bay */ = {
			isa = PBXNativeTarget;
			buildConfigurationList = A7BC609F25EE07B500DD87D4 /* Build configuration list for PBXNativeTarget "Bay" */;
			buildPhases = (
				A7BC608C25EE07B400DD87D4 /* Sources */,
				A7BC608D25EE07B400DD87D4 /* Frameworks */,
				A7BC608E25EE07B400DD87D4 /* Resources */,
				A77B8FF32605890700D92A96 /* Embed Watch Content */,
			);
			buildRules = (
			);
			dependencies = (
				A77B8FF12605890700D92A96 /* PBXTargetDependency */,
			);
			name = Bay;
			productName = Bay;
			productReference = A7BC609025EE07B400DD87D4 /* Bay.app */;
			productType = "com.apple.product-type.application";
		};
/* End PBXNativeTarget section */

/* Begin PBXProject section */
		A7BC608825EE07B400DD87D4 /* Project object */ = {
			isa = PBXProject;
			attributes = {
				LastSwiftUpdateCheck = 1240;
				LastUpgradeCheck = 1240;
				TargetAttributes = {
					A73BEDDF2606717000D95286 = {
						CreatedOnToolsVersion = 12.4;
					};
					A77B8FD02605890600D92A96 = {
						CreatedOnToolsVersion = 12.4;
					};
					A77B8FD92605890600D92A96 = {
						CreatedOnToolsVersion = 12.4;
					};
					A7BC608F25EE07B400DD87D4 = {
						CreatedOnToolsVersion = 12.4;
					};
				};
			};
			buildConfigurationList = A7BC608B25EE07B400DD87D4 /* Build configuration list for PBXProject "Bay" */;
			compatibilityVersion = "Xcode 9.3";
			developmentRegion = en;
			hasScannedForEncodings = 0;
			knownRegions = (
				en,
				Base,
			);
			mainGroup = A7BC608725EE07B400DD87D4;
			productRefGroup = A7BC609125EE07B400DD87D4 /* Products */;
			projectDirPath = "";
			projectRoot = "";
			targets = (
				A7BC608F25EE07B400DD87D4 /* Bay */,
				A77B8FD02605890600D92A96 /* WatchBay */,
				A77B8FD92605890600D92A96 /* WatchBay Extension */,
				A73BEDDF2606717000D95286 /* MacBay */,
			);
		};
/* End PBXProject section */

/* Begin PBXResourcesBuildPhase section */
		A73BEDDE2606717000D95286 /* Resources */ = {
			isa = PBXResourcesBuildPhase;
			buildActionMask = 2147483647;
			files = (
				A73BEDEA2606717200D95286 /* Preview Assets.xcassets in Resources */,
				A73BEE02260672E800D95286 /* placesData.json in Resources */,
				A73BEDF9260672E800D95286 /* Assets.xcassets in Resources */,
				A73BEDE72606717200D95286 /* Assets.xcassets in Resources */,
			);
			runOnlyForDeploymentPostprocessing = 0;
		};
		A77B8FCF2605890600D92A96 /* Resources */ = {
			isa = PBXResourcesBuildPhase;
			buildActionMask = 2147483647;
			files = (
				A77B8FD42605890600D92A96 /* Assets.xcassets in Resources */,
			);
			runOnlyForDeploymentPostprocessing = 0;
		};
		A77B8FD82605890600D92A96 /* Resources */ = {
			isa = PBXResourcesBuildPhase;
			buildActionMask = 2147483647;
			files = (
				A77B8FED2605890700D92A96 /* Preview Assets.xcassets in Resources */,
				A77B900726058E4000D92A96 /* placesData.json in Resources */,
				A77B900526058E4000D92A96 /* Assets.xcassets in Resources */,
				A77B8FEA2605890700D92A96 /* Assets.xcassets in Resources */,
			);
			runOnlyForDeploymentPostprocessing = 0;
		};
		A7BC608E25EE07B400DD87D4 /* Resources */ = {
			isa = PBXResourcesBuildPhase;
			buildActionMask = 2147483647;
			files = (
				A7BC609B25EE07B500DD87D4 /* Preview Assets.xcassets in Resources */,
				A7BC609825EE07B500DD87D4 /* Assets.xcassets in Resources */,
				A706172425F067180034C25D /* placesData.json in Resources */,
			);
			runOnlyForDeploymentPostprocessing = 0;
		};
/* End PBXResourcesBuildPhase section */

/* Begin PBXSourcesBuildPhase section */
		A73BEDDC2606717000D95286 /* Sources */ = {
			isa = PBXSourcesBuildPhase;
			buildActionMask = 2147483647;
			files = (
				A73BEE01260672E800D95286 /* PlaceRow.swift in Sources */,
				A73BEDE52606717000D95286 /* ContentView.swift in Sources */,
				A73BEDFB260672E800D95286 /* ModelData.swift in Sources */,
				A73BEDFF260672E800D95286 /* VisitedButton.swift in Sources */,
				A71A92EB2606C2A900E806B9 /* PlaceSettings.swift in Sources */,
				A73BEE08260674E700D95286 /* PlaceDetail.swift in Sources */,
				A73BEDFA260672E800D95286 /* Profile.swift in Sources */,
				A73BEDFD260672E800D95286 /* PlaceList.swift in Sources */,
				A73BEDF8260672E800D95286 /* Place.swift in Sources */,
				A73BEDFE260672E800D95286 /* BayApp.swift in Sources */,
				A71A92E52606A55500E806B9 /* PlaceCommands.swift in Sources */,
				A73BEE00260672E800D95286 /* MapView.swift in Sources */,
				A73BEDFC260672E800D95286 /* CircleImage.swift in Sources */,
			);
			runOnlyForDeploymentPostprocessing = 0;
		};
		A77B8FD62605890600D92A96 /* Sources */ = {
			isa = PBXSourcesBuildPhase;
			buildActionMask = 2147483647;
			files = (
				A77B8FE42605890600D92A96 /* NotificationController.swift in Sources */,
				A77B900F2605912900D92A96 /* PlaceDetail.swift in Sources */,
				A77B8FE22605890600D92A96 /* ContentView.swift in Sources */,
				A77B900226058E4000D92A96 /* PlaceRow.swift in Sources */,
				A77B900426058E4000D92A96 /* Place.swift in Sources */,
				A77B900326058E4000D92A96 /* CircleImage.swift in Sources */,
				A77B900A26058E4000D92A96 /* ModelData.swift in Sources */,
				A77B8FE82605890600D92A96 /* ComplicationController.swift in Sources */,
				A77B900826058E4000D92A96 /* MapView.swift in Sources */,
				A77B900926058E4000D92A96 /* Profile.swift in Sources */,
				A71A92DE26068B3100E806B9 /* PlaceList.swift in Sources */,
				A77B8FE62605890600D92A96 /* NotificationView.swift in Sources */,
				A77B900126058E4000D92A96 /* BayApp.swift in Sources */,
			);
			runOnlyForDeploymentPostprocessing = 0;
		};
		A7BC608C25EE07B400DD87D4 /* Sources */ = {
			isa = PBXSourcesBuildPhase;
			buildActionMask = 2147483647;
			files = (
				A7B300A825EF0EB4008FA7C3 /* PlaceDetail.swift in Sources */,
				A7B300AB25EF0EEB008FA7C3 /* MapView.swift in Sources */,
				A7BC609625EE07B400DD87D4 /* ContentView.swift in Sources */,
				A79DF01A25FD61EE0074F3D2 /* ProfileHost.swift in Sources */,
				A79DF01625FD60BA0074F3D2 /* Profile.swift in Sources */,
				A7928B8326002DE20058781F /* PageView.swift in Sources */,
				A7A2F44825F2B879005E5A2F /* PlaceList.swift in Sources */,
				A71A92E42606A55500E806B9 /* PlaceCommands.swift in Sources */,
				A7C7DB1E25F5432A006F1FBF /* CategoryHome.swift in Sources */,
				A71EC45126054F5E00B1AA48 /* PageControl.swift in Sources */,
				A7F9A58425F4069400377291 /* VisitedButton.swift in Sources */,
				A7B300AE25EF0F5D008FA7C3 /* CircleImage.swift in Sources */,
				A7BC609425EE07B400DD87D4 /* BayApp.swift in Sources */,
				A7D75AA825F585BA00035C4A /* CategoryItem.swift in Sources */,
				A706172125F059E80034C25D /* Place.swift in Sources */,
				A706171E25F0587A0034C25D /* ModelData.swift in Sources */,
				A7D75AA525F55FC700035C4A /* CategoryRow.swift in Sources */,
				A798CA1325FEA1250022BC32 /* ProfileEditor.swift in Sources */,
				A7928B80260029180058781F /* FeatureCard.swift in Sources */,
				A7928B7C260021DA0058781F /* PageViewController.swift in Sources */,
				A79DF01E25FD62CA0074F3D2 /* ProfileSummary.swift in Sources */,
				A7A2F44B25F2BEE9005E5A2F /* PlaceRow.swift in Sources */,
			);
			runOnlyForDeploymentPostprocessing = 0;
		};
/* End PBXSourcesBuildPhase section */

/* Begin PBXTargetDependency section */
		A77B8FDD2605890600D92A96 /* PBXTargetDependency */ = {
			isa = PBXTargetDependency;
			target = A77B8FD92605890600D92A96 /* WatchBay Extension */;
			targetProxy = A77B8FDC2605890600D92A96 /* PBXContainerItemProxy */;
		};
		A77B8FF12605890700D92A96 /* PBXTargetDependency */ = {
			isa = PBXTargetDependency;
			target = A77B8FD02605890600D92A96 /* WatchBay */;
			targetProxy = A77B8FF02605890700D92A96 /* PBXContainerItemProxy */;
		};
/* End PBXTargetDependency section */

/* Begin XCBuildConfiguration section */
		A73BEDED2606717200D95286 /* Debug */ = {
			isa = XCBuildConfiguration;
			buildSettings = {
				ASSETCATALOG_COMPILER_APPICON_NAME = AppIcon;
				ASSETCATALOG_COMPILER_GLOBAL_ACCENT_COLOR_NAME = AccentColor;
				CODE_SIGN_ENTITLEMENTS = MacBay/MacBay.entitlements;
				CODE_SIGN_STYLE = Automatic;
				COMBINE_HIDPI_IMAGES = YES;
				DEVELOPMENT_ASSET_PATHS = "\"MacBay/Preview Content\"";
				DEVELOPMENT_TEAM = UVC66LGVNJ;
				ENABLE_HARDENED_RUNTIME = YES;
				ENABLE_PREVIEWS = YES;
				INFOPLIST_FILE = MacBay/Info.plist;
				LD_RUNPATH_SEARCH_PATHS = (
					"$(inherited)",
					"@executable_path/../Frameworks",
				);
				MACOSX_DEPLOYMENT_TARGET = 11.1;
				PRODUCT_BUNDLE_IDENTIFIER = com.myportfolio.sanfranciscoproper.MacBay;
				PRODUCT_NAME = "$(TARGET_NAME)";
				SDKROOT = macosx;
				SWIFT_VERSION = 5.0;
			};
			name = Debug;
		};
		A73BEDEE2606717200D95286 /* Release */ = {
			isa = XCBuildConfiguration;
			buildSettings = {
				ASSETCATALOG_COMPILER_APPICON_NAME = AppIcon;
				ASSETCATALOG_COMPILER_GLOBAL_ACCENT_COLOR_NAME = AccentColor;
				CODE_SIGN_ENTITLEMENTS = MacBay/MacBay.entitlements;
				CODE_SIGN_STYLE = Automatic;
				COMBINE_HIDPI_IMAGES = YES;
				DEVELOPMENT_ASSET_PATHS = "\"MacBay/Preview Content\"";
				DEVELOPMENT_TEAM = UVC66LGVNJ;
				ENABLE_HARDENED_RUNTIME = YES;
				ENABLE_PREVIEWS = YES;
				INFOPLIST_FILE = MacBay/Info.plist;
				LD_RUNPATH_SEARCH_PATHS = (
					"$(inherited)",
					"@executable_path/../Frameworks",
				);
				MACOSX_DEPLOYMENT_TARGET = 11.1;
				PRODUCT_BUNDLE_IDENTIFIER = com.myportfolio.sanfranciscoproper.MacBay;
				PRODUCT_NAME = "$(TARGET_NAME)";
				SDKROOT = macosx;
				SWIFT_VERSION = 5.0;
			};
			name = Release;
		};
		A77B8FF42605890700D92A96 /* Debug */ = {
			isa = XCBuildConfiguration;
			buildSettings = {
				ALWAYS_EMBED_SWIFT_STANDARD_LIBRARIES = YES;
				ASSETCATALOG_COMPILER_APPICON_NAME = AppIcon;
				ASSETCATALOG_COMPILER_GLOBAL_ACCENT_COLOR_NAME = AccentColor;
				CODE_SIGN_STYLE = Automatic;
				DEVELOPMENT_TEAM = UVC66LGVNJ;
				IBSC_MODULE = WatchBay_Extension;
				INFOPLIST_FILE = WatchBay/Info.plist;
				PRODUCT_BUNDLE_IDENTIFIER = com.myportfolio.sanfranciscoproper.Bay.watchkitapp;
				PRODUCT_NAME = "$(TARGET_NAME)";
				SDKROOT = watchos;
				SKIP_INSTALL = YES;
				SWIFT_VERSION = 5.0;
				TARGETED_DEVICE_FAMILY = 4;
				WATCHOS_DEPLOYMENT_TARGET = 7.2;
			};
			name = Debug;
		};
		A77B8FF52605890700D92A96 /* Release */ = {
			isa = XCBuildConfiguration;
			buildSettings = {
				ALWAYS_EMBED_SWIFT_STANDARD_LIBRARIES = YES;
				ASSETCATALOG_COMPILER_APPICON_NAME = AppIcon;
				ASSETCATALOG_COMPILER_GLOBAL_ACCENT_COLOR_NAME = AccentColor;
				CODE_SIGN_STYLE = Automatic;
				DEVELOPMENT_TEAM = UVC66LGVNJ;
				IBSC_MODULE = WatchBay_Extension;
				INFOPLIST_FILE = WatchBay/Info.plist;
				PRODUCT_BUNDLE_IDENTIFIER = com.myportfolio.sanfranciscoproper.Bay.watchkitapp;
				PRODUCT_NAME = "$(TARGET_NAME)";
				SDKROOT = watchos;
				SKIP_INSTALL = YES;
				SWIFT_VERSION = 5.0;
				TARGETED_DEVICE_FAMILY = 4;
				WATCHOS_DEPLOYMENT_TARGET = 7.2;
			};
			name = Release;
		};
		A77B8FF72605890700D92A96 /* Debug */ = {
			isa = XCBuildConfiguration;
			buildSettings = {
				ASSETCATALOG_COMPILER_COMPLICATION_NAME = Complication;
				CODE_SIGN_STYLE = Automatic;
				DEVELOPMENT_ASSET_PATHS = "\"WatchBay Extension/Preview Content\"";
				DEVELOPMENT_TEAM = UVC66LGVNJ;
				ENABLE_PREVIEWS = YES;
				INFOPLIST_FILE = "WatchBay Extension/Info.plist";
				LD_RUNPATH_SEARCH_PATHS = (
					"$(inherited)",
					"@executable_path/Frameworks",
					"@executable_path/../../Frameworks",
				);
				PRODUCT_BUNDLE_IDENTIFIER = com.myportfolio.sanfranciscoproper.Bay.watchkitapp.watchkitextension;
				PRODUCT_NAME = "${TARGET_NAME}";
				SDKROOT = watchos;
				SKIP_INSTALL = YES;
				SWIFT_VERSION = 5.0;
				TARGETED_DEVICE_FAMILY = 4;
				WATCHOS_DEPLOYMENT_TARGET = 7.2;
			};
			name = Debug;
		};
		A77B8FF82605890700D92A96 /* Release */ = {
			isa = XCBuildConfiguration;
			buildSettings = {
				ASSETCATALOG_COMPILER_COMPLICATION_NAME = Complication;
				CODE_SIGN_STYLE = Automatic;
				DEVELOPMENT_ASSET_PATHS = "\"WatchBay Extension/Preview Content\"";
				DEVELOPMENT_TEAM = UVC66LGVNJ;
				ENABLE_PREVIEWS = YES;
				INFOPLIST_FILE = "WatchBay Extension/Info.plist";
				LD_RUNPATH_SEARCH_PATHS = (
					"$(inherited)",
					"@executable_path/Frameworks",
					"@executable_path/../../Frameworks",
				);
				PRODUCT_BUNDLE_IDENTIFIER = com.myportfolio.sanfranciscoproper.Bay.watchkitapp.watchkitextension;
				PRODUCT_NAME = "${TARGET_NAME}";
				SDKROOT = watchos;
				SKIP_INSTALL = YES;
				SWIFT_VERSION = 5.0;
				TARGETED_DEVICE_FAMILY = 4;
				WATCHOS_DEPLOYMENT_TARGET = 7.2;
			};
			name = Release;
		};
		A7BC609D25EE07B500DD87D4 /* Debug */ = {
			isa = XCBuildConfiguration;
			buildSettings = {
				ALWAYS_SEARCH_USER_PATHS = NO;
				CLANG_ANALYZER_NONNULL = YES;
				CLANG_ANALYZER_NUMBER_OBJECT_CONVERSION = YES_AGGRESSIVE;
				CLANG_CXX_LANGUAGE_STANDARD = "gnu++14";
				CLANG_CXX_LIBRARY = "libc++";
				CLANG_ENABLE_MODULES = YES;
				CLANG_ENABLE_OBJC_ARC = YES;
				CLANG_ENABLE_OBJC_WEAK = YES;
				CLANG_WARN_BLOCK_CAPTURE_AUTORELEASING = YES;
				CLANG_WARN_BOOL_CONVERSION = YES;
				CLANG_WARN_COMMA = YES;
				CLANG_WARN_CONSTANT_CONVERSION = YES;
				CLANG_WARN_DEPRECATED_OBJC_IMPLEMENTATIONS = YES;
				CLANG_WARN_DIRECT_OBJC_ISA_USAGE = YES_ERROR;
				CLANG_WARN_DOCUMENTATION_COMMENTS = YES;
				CLANG_WARN_EMPTY_BODY = YES;
				CLANG_WARN_ENUM_CONVERSION = YES;
				CLANG_WARN_INFINITE_RECURSION = YES;
				CLANG_WARN_INT_CONVERSION = YES;
				CLANG_WARN_NON_LITERAL_NULL_CONVERSION = YES;
				CLANG_WARN_OBJC_IMPLICIT_RETAIN_SELF = YES;
				CLANG_WARN_OBJC_LITERAL_CONVERSION = YES;
				CLANG_WARN_OBJC_ROOT_CLASS = YES_ERROR;
				CLANG_WARN_QUOTED_INCLUDE_IN_FRAMEWORK_HEADER = YES;
				CLANG_WARN_RANGE_LOOP_ANALYSIS = YES;
				CLANG_WARN_STRICT_PROTOTYPES = YES;
				CLANG_WARN_SUSPICIOUS_MOVE = YES;
				CLANG_WARN_UNGUARDED_AVAILABILITY = YES_AGGRESSIVE;
				CLANG_WARN_UNREACHABLE_CODE = YES;
				CLANG_WARN__DUPLICATE_METHOD_MATCH = YES;
				COPY_PHASE_STRIP = NO;
				DEBUG_INFORMATION_FORMAT = dwarf;
				ENABLE_STRICT_OBJC_MSGSEND = YES;
				ENABLE_TESTABILITY = YES;
				GCC_C_LANGUAGE_STANDARD = gnu11;
				GCC_DYNAMIC_NO_PIC = NO;
				GCC_NO_COMMON_BLOCKS = YES;
				GCC_OPTIMIZATION_LEVEL = 0;
				GCC_PREPROCESSOR_DEFINITIONS = (
					"DEBUG=1",
					"$(inherited)",
				);
				GCC_WARN_64_TO_32_BIT_CONVERSION = YES;
				GCC_WARN_ABOUT_RETURN_TYPE = YES_ERROR;
				GCC_WARN_UNDECLARED_SELECTOR = YES;
				GCC_WARN_UNINITIALIZED_AUTOS = YES_AGGRESSIVE;
				GCC_WARN_UNUSED_FUNCTION = YES;
				GCC_WARN_UNUSED_VARIABLE = YES;
				IPHONEOS_DEPLOYMENT_TARGET = 14.4;
				MTL_ENABLE_DEBUG_INFO = INCLUDE_SOURCE;
				MTL_FAST_MATH = YES;
				ONLY_ACTIVE_ARCH = YES;
				SDKROOT = iphoneos;
				SWIFT_ACTIVE_COMPILATION_CONDITIONS = DEBUG;
				SWIFT_OPTIMIZATION_LEVEL = "-Onone";
			};
			name = Debug;
		};
		A7BC609E25EE07B500DD87D4 /* Release */ = {
			isa = XCBuildConfiguration;
			buildSettings = {
				ALWAYS_SEARCH_USER_PATHS = NO;
				CLANG_ANALYZER_NONNULL = YES;
				CLANG_ANALYZER_NUMBER_OBJECT_CONVERSION = YES_AGGRESSIVE;
				CLANG_CXX_LANGUAGE_STANDARD = "gnu++14";
				CLANG_CXX_LIBRARY = "libc++";
				CLANG_ENABLE_MODULES = YES;
				CLANG_ENABLE_OBJC_ARC = YES;
				CLANG_ENABLE_OBJC_WEAK = YES;
				CLANG_WARN_BLOCK_CAPTURE_AUTORELEASING = YES;
				CLANG_WARN_BOOL_CONVERSION = YES;
				CLANG_WARN_COMMA = YES;
				CLANG_WARN_CONSTANT_CONVERSION = YES;
				CLANG_WARN_DEPRECATED_OBJC_IMPLEMENTATIONS = YES;
				CLANG_WARN_DIRECT_OBJC_ISA_USAGE = YES_ERROR;
				CLANG_WARN_DOCUMENTATION_COMMENTS = YES;
				CLANG_WARN_EMPTY_BODY = YES;
				CLANG_WARN_ENUM_CONVERSION = YES;
				CLANG_WARN_INFINITE_RECURSION = YES;
				CLANG_WARN_INT_CONVERSION = YES;
				CLANG_WARN_NON_LITERAL_NULL_CONVERSION = YES;
				CLANG_WARN_OBJC_IMPLICIT_RETAIN_SELF = YES;
				CLANG_WARN_OBJC_LITERAL_CONVERSION = YES;
				CLANG_WARN_OBJC_ROOT_CLASS = YES_ERROR;
				CLANG_WARN_QUOTED_INCLUDE_IN_FRAMEWORK_HEADER = YES;
				CLANG_WARN_RANGE_LOOP_ANALYSIS = YES;
				CLANG_WARN_STRICT_PROTOTYPES = YES;
				CLANG_WARN_SUSPICIOUS_MOVE = YES;
				CLANG_WARN_UNGUARDED_AVAILABILITY = YES_AGGRESSIVE;
				CLANG_WARN_UNREACHABLE_CODE = YES;
				CLANG_WARN__DUPLICATE_METHOD_MATCH = YES;
				COPY_PHASE_STRIP = NO;
				DEBUG_INFORMATION_FORMAT = "dwarf-with-dsym";
				ENABLE_NS_ASSERTIONS = NO;
				ENABLE_STRICT_OBJC_MSGSEND = YES;
				GCC_C_LANGUAGE_STANDARD = gnu11;
				GCC_NO_COMMON_BLOCKS = YES;
				GCC_WARN_64_TO_32_BIT_CONVERSION = YES;
				GCC_WARN_ABOUT_RETURN_TYPE = YES_ERROR;
				GCC_WARN_UNDECLARED_SELECTOR = YES;
				GCC_WARN_UNINITIALIZED_AUTOS = YES_AGGRESSIVE;
				GCC_WARN_UNUSED_FUNCTION = YES;
				GCC_WARN_UNUSED_VARIABLE = YES;
				IPHONEOS_DEPLOYMENT_TARGET = 14.4;
				MTL_ENABLE_DEBUG_INFO = NO;
				MTL_FAST_MATH = YES;
				SDKROOT = iphoneos;
				SWIFT_COMPILATION_MODE = wholemodule;
				SWIFT_OPTIMIZATION_LEVEL = "-O";
				VALIDATE_PRODUCT = YES;
			};
			name = Release;
		};
		A7BC60A025EE07B500DD87D4 /* Debug */ = {
			isa = XCBuildConfiguration;
			buildSettings = {
				ASSETCATALOG_COMPILER_APPICON_NAME = AppIcon;
				ASSETCATALOG_COMPILER_GLOBAL_ACCENT_COLOR_NAME = AccentColor;
				CODE_SIGN_STYLE = Automatic;
				DEVELOPMENT_ASSET_PATHS = "\"Bay/Preview Content\"";
				DEVELOPMENT_TEAM = UVC66LGVNJ;
				ENABLE_PREVIEWS = YES;
				INFOPLIST_FILE = Bay/Info.plist;
				IPHONEOS_DEPLOYMENT_TARGET = 14.0;
				LD_RUNPATH_SEARCH_PATHS = (
					"$(inherited)",
					"@executable_path/Frameworks",
				);
				PRODUCT_BUNDLE_IDENTIFIER = com.myportfolio.sanfranciscoproper.Bay;
				PRODUCT_NAME = "$(TARGET_NAME)";
				SWIFT_VERSION = 5.0;
				TARGETED_DEVICE_FAMILY = "1,2";
			};
			name = Debug;
		};
		A7BC60A125EE07B500DD87D4 /* Release */ = {
			isa = XCBuildConfiguration;
			buildSettings = {
				ASSETCATALOG_COMPILER_APPICON_NAME = AppIcon;
				ASSETCATALOG_COMPILER_GLOBAL_ACCENT_COLOR_NAME = AccentColor;
				CODE_SIGN_STYLE = Automatic;
				DEVELOPMENT_ASSET_PATHS = "\"Bay/Preview Content\"";
				DEVELOPMENT_TEAM = UVC66LGVNJ;
				ENABLE_PREVIEWS = YES;
				INFOPLIST_FILE = Bay/Info.plist;
				IPHONEOS_DEPLOYMENT_TARGET = 14.0;
				LD_RUNPATH_SEARCH_PATHS = (
					"$(inherited)",
					"@executable_path/Frameworks",
				);
				PRODUCT_BUNDLE_IDENTIFIER = com.myportfolio.sanfranciscoproper.Bay;
				PRODUCT_NAME = "$(TARGET_NAME)";
				SWIFT_VERSION = 5.0;
				TARGETED_DEVICE_FAMILY = "1,2";
			};
			name = Release;
		};
/* End XCBuildConfiguration section */

/* Begin XCConfigurationList section */
		A73BEDEF2606717200D95286 /* Build configuration list for PBXNativeTarget "MacBay" */ = {
			isa = XCConfigurationList;
			buildConfigurations = (
				A73BEDED2606717200D95286 /* Debug */,
				A73BEDEE2606717200D95286 /* Release */,
			);
			defaultConfigurationIsVisible = 0;
			defaultConfigurationName = Release;
		};
		A77B8FF92605890700D92A96 /* Build configuration list for PBXNativeTarget "WatchBay Extension" */ = {
			isa = XCConfigurationList;
			buildConfigurations = (
				A77B8FF72605890700D92A96 /* Debug */,
				A77B8FF82605890700D92A96 /* Release */,
			);
			defaultConfigurationIsVisible = 0;
			defaultConfigurationName = Release;
		};
		A77B8FFA2605890700D92A96 /* Build configuration list for PBXNativeTarget "WatchBay" */ = {
			isa = XCConfigurationList;
			buildConfigurations = (
				A77B8FF42605890700D92A96 /* Debug */,
				A77B8FF52605890700D92A96 /* Release */,
			);
			defaultConfigurationIsVisible = 0;
			defaultConfigurationName = Release;
		};
		A7BC608B25EE07B400DD87D4 /* Build configuration list for PBXProject "Bay" */ = {
			isa = XCConfigurationList;
			buildConfigurations = (
				A7BC609D25EE07B500DD87D4 /* Debug */,
				A7BC609E25EE07B500DD87D4 /* Release */,
			);
			defaultConfigurationIsVisible = 0;
			defaultConfigurationName = Release;
		};
		A7BC609F25EE07B500DD87D4 /* Build configuration list for PBXNativeTarget "Bay" */ = {
			isa = XCConfigurationList;
			buildConfigurations = (
				A7BC60A025EE07B500DD87D4 /* Debug */,
				A7BC60A125EE07B500DD87D4 /* Release */,
			);
			defaultConfigurationIsVisible = 0;
			defaultConfigurationName = Release;
		};
/* End XCConfigurationList section */
	};
	rootObject = A7BC608825EE07B400DD87D4 /* Project object */;
}
